
Microsoft Visual Studio Solution File, Format Version 12.00
# Visual Studio Version 16
VisualStudioVersion = 16.0.29905.134
MinimumVisualStudioVersion = 10.0.40219.1
Project("{9A19103F-16F7-4668-BE54-9A1E7A4F7556}") = "OnBoardingServices", "OnBoardingServices\OnBoardingServices.csproj", "{0F49603C-0D3A-4262-A1B6-5EEEB1313DFB}"
EndProject
Project("{FAE04EC0-301F-11D3-BF4B-00C04F79EFBC}") = "Exam", "Exam\Exam.csproj", "{B6B9177F-4C63-4D9A-BFE3-80A6CFC2F230}"
EndProject
Project("{FAE04EC0-301F-11D3-BF4B-00C04F79EFBC}") = "APIGateway", "APIGateway\APIGateway.csproj", "{2CCD18F4-680B-45AB-BFE9-057127B74106}"
EndProject
Global
	GlobalSection(SolutionConfigurationPlatforms) = preSolution
		Debug|Any CPU = Debug|Any CPU
		Release|Any CPU = Release|Any CPU
	EndGlobalSection
	GlobalSection(ProjectConfigurationPlatforms) = postSolution
		{0F49603C-0D3A-4262-A1B6-5EEEB1313DFB}.Debug|Any CPU.ActiveCfg = Debug|Any CPU
		{0F49603C-0D3A-4262-A1B6-5EEEB1313DFB}.Debug|Any CPU.Build.0 = Debug|Any CPU
		{0F49603C-0D3A-4262-A1B6-5EEEB1313DFB}.Release|Any CPU.ActiveCfg = Release|Any CPU
		{0F49603C-0D3A-4262-A1B6-5EEEB1313DFB}.Release|Any CPU.Build.0 = Release|Any CPU
		{B6B9177F-4C63-4D9A-BFE3-80A6CFC2F230}.Debug|Any CPU.ActiveCfg = Debug|Any CPU
		{B6B9177F-4C63-4D9A-BFE3-80A6CFC2F230}.Debug|Any CPU.Build.0 = Debug|Any CPU
		{B6B9177F-4C63-4D9A-BFE3-80A6CFC2F230}.Release|Any CPU.ActiveCfg = Release|Any CPU
		{B6B9177F-4C63-4D9A-BFE3-80A6CFC2F230}.Release|Any CPU.Build.0 = Release|Any CPU
		{2CCD18F4-680B-45AB-BFE9-057127B74106}.Debug|Any CPU.ActiveCfg = Debug|Any CPU
		{2CCD18F4-680B-45AB-BFE9-057127B74106}.Debug|Any CPU.Build.0 = Debug|Any CPU
		{2CCD18F4-680B-45AB-BFE9-057127B74106}.Release|Any CPU.ActiveCfg = Release|Any CPU
		{2CCD18F4-680B-45AB-BFE9-057127B74106}.Release|Any CPU.Build.0 = Release|Any CPU
	EndGlobalSection
	GlobalSection(SolutionProperties) = preSolution
		HideSolutionNode = FALSE
	EndGlobalSection
	GlobalSection(ExtensibilityGlobals) = postSolution
		SolutionGuid = {64003ED5-9D06-40F4-B3BA-819F6B898F0C}
	EndGlobalSection
EndGlobal
